
Microsoft Visual Studio Solution File, Format Version 12.00
# Visual Studio 2015
Project("{FAE04EC0-301F-11D3-BF4B-00C04F79EFBC}") = "Alien_Shooter-master.CSharp", "Alien_Shooter-master.CSharp.csproj", "{1C15F30C-9D3B-B56E-0B13-A2ED52B8A561}"
EndProject
Project("{FAE04EC0-301F-11D3-BF4B-00C04F79EFBC}") = "Alien_Shooter-master.CSharp.Editor", "Alien_Shooter-master.CSharp.Editor.csproj", "{AAE9A3E0-552C-F3C1-62A0-BCE564A7ADD1}"
EndProject
Global
	GlobalSection(SolutionConfigurationPlatforms) = preSolution
		Debug|Any CPU = Debug|Any CPU
		Release|Any CPU = Release|Any CPU
	EndGlobalSection
	GlobalSection(ProjectConfigurationPlatforms) = postSolution
		{1C15F30C-9D3B-B56E-0B13-A2ED52B8A561}.Debug|Any CPU.ActiveCfg = Debug|Any CPU
		{1C15F30C-9D3B-B56E-0B13-A2ED52B8A561}.Debug|Any CPU.Build.0 = Debug|Any CPU
		{1C15F30C-9D3B-B56E-0B13-A2ED52B8A561}.Release|Any CPU.ActiveCfg = Release|Any CPU
		{1C15F30C-9D3B-B56E-0B13-A2ED52B8A561}.Release|Any CPU.Build.0 = Release|Any CPU
		{AAE9A3E0-552C-F3C1-62A0-BCE564A7ADD1}.Debug|Any CPU.ActiveCfg = Debug|Any CPU
		{AAE9A3E0-552C-F3C1-62A0-BCE564A7ADD1}.Debug|Any CPU.Build.0 = Debug|Any CPU
		{AAE9A3E0-552C-F3C1-62A0-BCE564A7ADD1}.Release|Any CPU.ActiveCfg = Release|Any CPU
		{AAE9A3E0-552C-F3C1-62A0-BCE564A7ADD1}.Release|Any CPU.Build.0 = Release|Any CPU
	EndGlobalSection
	GlobalSection(SolutionProperties) = preSolution
		HideSolutionNode = FALSE
	EndGlobalSection
EndGlobal
